
Microsoft Visual Studio Solution File, Format Version 12.00
# Visual Studio 15
VisualStudioVersion = 15.0.26403.3
MinimumVisualStudioVersion = 10.0.40219.1
Project("{FAE04EC0-301F-11D3-BF4B-00C04F79EFBC}") = "TddDay1Hw", "TddDay1Hw\TddDay1Hw.csproj", "{80D569F0-F983-4B0E-86B8-398DCCAFB95F}"
EndProject
Project("{FAE04EC0-301F-11D3-BF4B-00C04F79EFBC}") = "TddDay1HwTests", "TddDay1HwTests\TddDay1HwTests.csproj", "{C1EFC02F-34A2-4128-9FF6-ADB2E30D4DB8}"
EndProject
Global
	GlobalSection(SolutionConfigurationPlatforms) = preSolution
		Debug|Any CPU = Debug|Any CPU
		Release|Any CPU = Release|Any CPU
	EndGlobalSection
	GlobalSection(ProjectConfigurationPlatforms) = postSolution
		{80D569F0-F983-4B0E-86B8-398DCCAFB95F}.Debug|Any CPU.ActiveCfg = Debug|Any CPU
		{80D569F0-F983-4B0E-86B8-398DCCAFB95F}.Debug|Any CPU.Build.0 = Debug|Any CPU
		{80D569F0-F983-4B0E-86B8-398DCCAFB95F}.Release|Any CPU.ActiveCfg = Release|Any CPU
		{80D569F0-F983-4B0E-86B8-398DCCAFB95F}.Release|Any CPU.Build.0 = Release|Any CPU
		{C1EFC02F-34A2-4128-9FF6-ADB2E30D4DB8}.Debug|Any CPU.ActiveCfg = Debug|Any CPU
		{C1EFC02F-34A2-4128-9FF6-ADB2E30D4DB8}.Debug|Any CPU.Build.0 = Debug|Any CPU
		{C1EFC02F-34A2-4128-9FF6-ADB2E30D4DB8}.Release|Any CPU.ActiveCfg = Release|Any CPU
		{C1EFC02F-34A2-4128-9FF6-ADB2E30D4DB8}.Release|Any CPU.Build.0 = Release|Any CPU
	EndGlobalSection
	GlobalSection(SolutionProperties) = preSolution
		HideSolutionNode = FALSE
	EndGlobalSection
EndGlobal
